{
  "version": 4,
  "terraform_version": "1.12.2",
  "serial": 523,
  "lineage": "bb56b86f-c914-c71e-9942-3e2519a27710",
  "outputs": {
    "cluster_sg_id": {
      "value": "sg-011688856b873c957",
      "type": "string"
    },
    "custom_route_table_ids": {
      "value": [
        "rtb-0882f5fc0106c26fe"
      ],
      "type": [
        "tuple",
        [
          "string"
        ]
      ]
    },
    "eks_cluster_ca": {
      "value": "LS0tLS1CRUdJTiBDRVJUSUZJQ0FURS0tLS0tCk1JSURCVENDQWUyZ0F3SUJBZ0lJWW90WGxFNkhNUzB3RFFZSktvWklodmNOQVFFTEJRQXdGVEVUTUJFR0ExVUUKQXhNS2EzVmlaWEp1WlhSbGN6QWVGdzB5TlRBM01qZ3dNak0zTWpoYUZ3MHpOVEEzTWpZd01qUXlNamhhTUJVeApFekFSQmdOVkJBTVRDbXQxWW1WeWJtVjBaWE13Z2dFaU1BMEdDU3FHU0liM0RRRUJBUVVBQTRJQkR3QXdnZ0VLCkFvSUJBUURCVkkyYzhMVlk0WWYwZ0xUTENDZ2Y4T3VYcjdCWFd3dEhERWtwMXJwYzIwZCtFY1pUUEd4c3ZTSGUKUmxtQmlXbWVHSkhudlppOVRrZWthODMrRWRLQXQ4eW9uNzk1d0ZEWGVvWi8yMGdiNGE2RGlpVUFiaSt4UGl5UAowNlRpRUhiMzZMcnZjamVLZENDbys2VTU2WDgwY0gyVUVtTlFMbHZWVVpOWWNSQmYwZWxFMFpQZHYzUlRVWTFECnp5OHVBWjRhQ2hUSmd2YTFsVUVCRDduZUpTSFVRRkV3anpoWjFHUjkzOC9ibXhiTUZNQ1hZRVlUSEdwbFdSY2oKK3hOZ1VqYndBQXgwc3VxOWtlOUpQVjFreWtyVzlNT3ErT1lMSjY0UzF5WlhaUk9uQzhUcWFOZnhmWER2YUE0OApRTGFDV0M1SHFvWlhTSmVBak5HSEg2MzRac0pmQWdNQkFBR2pXVEJYTUE0R0ExVWREd0VCL3dRRUF3SUNwREFQCkJnTlZIUk1CQWY4RUJUQURBUUgvTUIwR0ExVWREZ1FXQkJTbjNHWmtINjUyY0VlZTlNL0lnQXgwc09JaTlEQVYKQmdOVkhSRUVEakFNZ2dwcmRXSmxjbTVsZEdWek1BMEdDU3FHU0liM0RRRUJDd1VBQTRJQkFRQXJsQ1h2WTAvZwpRYTJnM1FzZXcwdWF1elBHOHZ4VFg3RW9tRnVMWGFnVFVjcGhmRjc1bzdKOUdKaThNU0VvVW5iYjhIWHJoK3VKCjdIYVZtNXNUMExjcjMrMzFFMnNWY1ZrdjVybWxUQksvRXZQdWdJdkN6S2s0M3A3bTQyY1AzMVArdlZXODZNbDIKSWZtYjN2UG0vTm81WGdNaFFxNkN3YlczS05zYlhIYkwzSVdQMjBSUVpzRnVKZG1KSTZOck1kQ2Z1ZStYOTBIWgpqT2M1b3M5czVRUjF3b0dvZW15bmFsU3hoMkhRLzJzNm0rSGJ3djhiYXFKaDcrSSs0WU5rWEdZTXhVYzdsclh1CjV3WHAxbFNTakVua2VUVzdPUUJjSHNXcFJoV2JyZmNPT0NCU2VLVE9GR21wNjRvLzRvcEhScXIreWdSOUZMWXIKUEJOelA4VCtpd2d0Ci0tLS0tRU5EIENFUlRJRklDQVRFLS0tLS0K",
      "type": "string"
    },
    "eks_cluster_endpoint": {
      "value": "https://B4E3449325305F42D996D5B485B40D68.gr7.ap-northeast-2.eks.amazonaws.com",
      "type": "string"
    },
    "eks_cluster_id": {
      "value": "matchfit-eks",
      "type": "string"
    },
    "eks_cluster_name": {
      "value": "matchfit-eks",
      "type": "string"
    },
    "eks_cluster_role_arn": {
      "value": "arn:aws:iam::061039804626:role/matchfit-eks-cluster-role",
      "type": "string"
    },
    "eks_node_instance_profile": {
      "value": "matchfit-eks-node-instance-profile",
      "type": "string"
    },
    "eks_node_role_arn": {
      "value": "arn:aws:iam::061039804626:role/matchfit-eks-node-role",
      "type": "string"
    },
    "igw_id": {
      "value": "igw-0d79fa61c713fc83d",
      "type": "string"
    },
    "node_group_name": {
      "value": "matchfit-eks-node-group",
      "type": "string"
    },
    "private_subnet_id": {
      "value": [
        "subnet-09a406758275bfbeb",
        "subnet-00f10b0cea348a8b1",
        "subnet-04aad5ac72d8d1437"
      ],
      "type": [
        "tuple",
        [
          "string",
          "string",
          "string"
        ]
      ]
    },
    "public_subnet_id": {
      "value": [
        "subnet-01b80ea32ceca09dd",
        "subnet-07ead580816205d0d",
        "subnet-0dc8b9972f8c7145d"
      ],
      "type": [
        "tuple",
        [
          "string",
          "string",
          "string"
        ]
      ]
    },
    "s3_bucket_arn": {
      "value": "arn:aws:s3:::matchfit-bucket",
      "type": "string"
    },
    "s3_bucket_domain": {
      "value": "matchfit-bucket.s3.amazonaws.com",
      "type": "string"
    },
    "s3_bucket_id": {
      "value": "matchfit-bucket",
      "type": "string"
    },
    "s3_bucket_regional_domain": {
      "value": "matchfit-bucket.s3.ap-northeast-2.amazonaws.com",
      "type": "string"
    },
    "vpc_id": {
      "value": "vpc-049ba0dbbebf854af",
      "type": "string"
    }
  },
  "resources": [
    {
      "module": "module.eks",
      "mode": "managed",
      "type": "aws_eks_cluster",
      "name": "this",
      "provider": "provider[\"registry.terraform.io/hashicorp/aws\"]",
      "instances": [
        {
          "schema_version": 1,
          "attributes": {
            "access_config": [
              {
                "authentication_mode": "CONFIG_MAP",
                "bootstrap_cluster_creator_admin_permissions": true
              }
            ],
            "arn": "arn:aws:eks:ap-northeast-2:061039804626:cluster/matchfit-eks",
            "bootstrap_self_managed_addons": true,
            "certificate_authority": [
              {
                "data": "LS0tLS1CRUdJTiBDRVJUSUZJQ0FURS0tLS0tCk1JSURCVENDQWUyZ0F3SUJBZ0lJWW90WGxFNkhNUzB3RFFZSktvWklodmNOQVFFTEJRQXdGVEVUTUJFR0ExVUUKQXhNS2EzVmlaWEp1WlhSbGN6QWVGdzB5TlRBM01qZ3dNak0zTWpoYUZ3MHpOVEEzTWpZd01qUXlNamhhTUJVeApFekFSQmdOVkJBTVRDbXQxWW1WeWJtVjBaWE13Z2dFaU1BMEdDU3FHU0liM0RRRUJBUVVBQTRJQkR3QXdnZ0VLCkFvSUJBUURCVkkyYzhMVlk0WWYwZ0xUTENDZ2Y4T3VYcjdCWFd3dEhERWtwMXJwYzIwZCtFY1pUUEd4c3ZTSGUKUmxtQmlXbWVHSkhudlppOVRrZWthODMrRWRLQXQ4eW9uNzk1d0ZEWGVvWi8yMGdiNGE2RGlpVUFiaSt4UGl5UAowNlRpRUhiMzZMcnZjamVLZENDbys2VTU2WDgwY0gyVUVtTlFMbHZWVVpOWWNSQmYwZWxFMFpQZHYzUlRVWTFECnp5OHVBWjRhQ2hUSmd2YTFsVUVCRDduZUpTSFVRRkV3anpoWjFHUjkzOC9ibXhiTUZNQ1hZRVlUSEdwbFdSY2oKK3hOZ1VqYndBQXgwc3VxOWtlOUpQVjFreWtyVzlNT3ErT1lMSjY0UzF5WlhaUk9uQzhUcWFOZnhmWER2YUE0OApRTGFDV0M1SHFvWlhTSmVBak5HSEg2MzRac0pmQWdNQkFBR2pXVEJYTUE0R0ExVWREd0VCL3dRRUF3SUNwREFQCkJnTlZIUk1CQWY4RUJUQURBUUgvTUIwR0ExVWREZ1FXQkJTbjNHWmtINjUyY0VlZTlNL0lnQXgwc09JaTlEQVYKQmdOVkhSRUVEakFNZ2dwcmRXSmxjbTVsZEdWek1BMEdDU3FHU0liM0RRRUJDd1VBQTRJQkFRQXJsQ1h2WTAvZwpRYTJnM1FzZXcwdWF1elBHOHZ4VFg3RW9tRnVMWGFnVFVjcGhmRjc1bzdKOUdKaThNU0VvVW5iYjhIWHJoK3VKCjdIYVZtNXNUMExjcjMrMzFFMnNWY1ZrdjVybWxUQksvRXZQdWdJdkN6S2s0M3A3bTQyY1AzMVArdlZXODZNbDIKSWZtYjN2UG0vTm81WGdNaFFxNkN3YlczS05zYlhIYkwzSVdQMjBSUVpzRnVKZG1KSTZOck1kQ2Z1ZStYOTBIWgpqT2M1b3M5czVRUjF3b0dvZW15bmFsU3hoMkhRLzJzNm0rSGJ3djhiYXFKaDcrSSs0WU5rWEdZTXhVYzdsclh1CjV3WHAxbFNTakVua2VUVzdPUUJjSHNXcFJoV2JyZmNPT0NCU2VLVE9GR21wNjRvLzRvcEhScXIreWdSOUZMWXIKUEJOelA4VCtpd2d0Ci0tLS0tRU5EIENFUlRJRklDQVRFLS0tLS0K"
              }
            ],
            "cluster_id": null,
            "compute_config": [],
            "created_at": "2025-07-28T02:37:49Z",
            "enabled_cluster_log_types": [],
            "encryption_config": [],
            "endpoint": "https://B4E3449325305F42D996D5B485B40D68.gr7.ap-northeast-2.eks.amazonaws.com",
            "force_update_version": null,
            "id": "matchfit-eks",
            "identity": [
              {
                "oidc": [
                  {
                    "issuer": "https://oidc.eks.ap-northeast-2.amazonaws.com/id/B4E3449325305F42D996D5B485B40D68"
                  }
                ]
              }
            ],
            "kubernetes_network_config": [
              {
                "elastic_load_balancing": [
                  {
                    "enabled": false
                  }
                ],
                "ip_family": "ipv4",
                "service_ipv4_cidr": "172.20.0.0/16",
                "service_ipv6_cidr": ""
              }
            ],
            "name": "matchfit-eks",
            "outpost_config": [],
            "platform_version": "eks.16",
            "remote_network_config": [],
            "role_arn": "arn:aws:iam::061039804626:role/matchfit-eks-cluster-role",
            "status": "ACTIVE",
            "storage_config": [],
            "tags": {
              "Environment": "dev",
              "Name": "matchfit-eks",
              "Project": "team3"
            },
            "tags_all": {
              "Environment": "dev",
              "Name": "matchfit-eks",
              "Project": "team3"
            },
            "timeouts": null,
            "upgrade_policy": [
              {
                "support_type": "EXTENDED"
              }
            ],
            "version": "1.32",
            "vpc_config": [
              {
                "cluster_security_group_id": "sg-00a186bcfa9220cb2",
                "endpoint_private_access": true,
                "endpoint_public_access": false,
                "public_access_cidrs": [],
                "security_group_ids": [
                  "sg-011688856b873c957"
                ],
                "subnet_ids": [
                  "subnet-00f10b0cea348a8b1",
                  "subnet-04aad5ac72d8d1437",
                  "subnet-09a406758275bfbeb"
                ],
                "vpc_id": "vpc-049ba0dbbebf854af"
              }
            ],
            "zonal_shift_config": []
          },
          "sensitive_attributes": [],
          "identity_schema_version": 0,
          "private": "eyJlMmJmYjczMC1lY2FhLTExZTYtOGY4OC0zNDM2M2JjN2M0YzAiOnsiY3JlYXRlIjoxODAwMDAwMDAwMDAwLCJkZWxldGUiOjkwMDAwMDAwMDAwMCwidXBkYXRlIjozNjAwMDAwMDAwMDAwfSwic2NoZW1hX3ZlcnNpb24iOiIxIn0=",
          "dependencies": [
            "module.eks.aws_iam_role.eks_cluster_role",
            "module.eks.aws_security_group.eks_cluster_sg",
            "module.network.aws_eip.nat",
            "module.network.aws_internet_gateway.this",
            "module.network.aws_nat_gateway.this",
            "module.network.aws_route.internet_access",
            "module.network.aws_route_table.public",
            "module.network.aws_route_table.this",
            "module.network.aws_route_table_association.public_assoc",
            "module.network.aws_route_table_association.this",
            "module.network.aws_subnet.private",
            "module.network.aws_subnet.public",
            "module.network.aws_vpc.this"
          ]
        }
      ]
    },
    {
      "module": "module.eks",
      "mode": "managed",
      "type": "aws_eks_node_group",
      "name": "default",
      "provider": "provider[\"registry.terraform.io/hashicorp/aws\"]",
      "instances": [
        {
          "schema_version": 0,
          "attributes": {
            "ami_type": "AL2_x86_64",
            "arn": "arn:aws:eks:ap-northeast-2:061039804626:nodegroup/matchfit-eks/matchfit-eks-node-group/3ecc2791-802e-8e92-ba5e-3bfe2d97310e",
            "capacity_type": "ON_DEMAND",
            "cluster_name": "matchfit-eks",
            "disk_size": 20,
            "force_update_version": null,
            "id": "matchfit-eks:matchfit-eks-node-group",
            "instance_types": [
              "t2.micro"
            ],
            "labels": {},
            "launch_template": [],
            "node_group_name": "matchfit-eks-node-group",
            "node_group_name_prefix": "",
            "node_repair_config": [],
            "node_role_arn": "arn:aws:iam::061039804626:role/matchfit-eks-node-role",
            "release_version": "1.32.3-20250715",
            "remote_access": [
              {
                "ec2_ssh_key": "matchfit-eks-key",
                "source_security_group_ids": [
                  "sg-064d2df79318b76fa"
                ]
              }
            ],
            "resources": [
              {
                "autoscaling_groups": [
                  {
                    "name": "eks-matchfit-eks-node-group-3ecc2791-802e-8e92-ba5e-3bfe2d97310e"
                  }
                ],
                "remote_access_security_group_id": "sg-04979c3b754056670"
              }
            ],
            "scaling_config": [
              {
                "desired_size": 2,
                "max_size": 3,
                "min_size": 1
              }
            ],
            "status": "ACTIVE",
            "subnet_ids": [
              "subnet-00f10b0cea348a8b1",
              "subnet-04aad5ac72d8d1437",
              "subnet-09a406758275bfbeb"
            ],
            "tags": {
              "Environment": "dev",
              "Project": "team3"
            },
            "tags_all": {
              "Environment": "dev",
              "Project": "team3"
            },
            "taint": [],
            "timeouts": null,
            "update_config": [
              {
                "max_unavailable": 1,
                "max_unavailable_percentage": 0
              }
            ],
            "version": "1.32"
          },
          "sensitive_attributes": [],
          "identity_schema_version": 0,
          "private": "eyJlMmJmYjczMC1lY2FhLTExZTYtOGY4OC0zNDM2M2JjN2M0YzAiOnsiY3JlYXRlIjozNjAwMDAwMDAwMDAwLCJkZWxldGUiOjM2MDAwMDAwMDAwMDAsInVwZGF0ZSI6MzYwMDAwMDAwMDAwMH19",
          "dependencies": [
            "module.eks.aws_eks_cluster.this",
            "module.eks.aws_iam_role.eks_cluster_role",
            "module.eks.aws_iam_role.eks_node_role",
            "module.eks.aws_security_group.eks_cluster_sg",
            "module.eks.aws_security_group.eks_ssh_sg",
            "module.network.aws_eip.nat",
            "module.network.aws_internet_gateway.this",
            "module.network.aws_nat_gateway.this",
            "module.network.aws_route.internet_access",
            "module.network.aws_route_table.public",
            "module.network.aws_route_table.this",
            "module.network.aws_route_table_association.public_assoc",
            "module.network.aws_route_table_association.this",
            "module.network.aws_subnet.private",
            "module.network.aws_subnet.public",
            "module.network.aws_vpc.this"
          ]
        }
      ]
    },
    {
      "module": "module.eks",
      "mode": "managed",
      "type": "aws_iam_instance_profile",
      "name": "eks_node_instance_profile",
      "provider": "provider[\"registry.terraform.io/hashicorp/aws\"]",
      "instances": [
        {
          "index_key": 0,
          "schema_version": 0,
          "attributes": {
            "arn": "arn:aws:iam::061039804626:instance-profile/matchfit-eks-node-instance-profile",
            "create_date": "2025-07-28T03:19:31Z",
            "id": "matchfit-eks-node-instance-profile",
            "name": "matchfit-eks-node-instance-profile",
            "name_prefix": "",
            "path": "/",
            "role": "matchfit-eks-node-role",
            "tags": {},
            "tags_all": {},
            "unique_id": "AIPAQ4NSBQDJJXSAPY67K"
          },
          "sensitive_attributes": [],
          "identity_schema_version": 0,
          "private": "bnVsbA==",
          "dependencies": [
            "module.eks.aws_iam_role.eks_node_role",
            "module.network.aws_eip.nat",
            "module.network.aws_internet_gateway.this",
            "module.network.aws_nat_gateway.this",
            "module.network.aws_route.internet_access",
            "module.network.aws_route_table.public",
            "module.network.aws_route_table.this",
            "module.network.aws_route_table_association.public_assoc",
            "module.network.aws_route_table_association.this",
            "module.network.aws_subnet.private",
            "module.network.aws_subnet.public",
            "module.network.aws_vpc.this"
          ]
        }
      ]
    },
    {
      "module": "module.eks",
      "mode": "managed",
      "type": "aws_iam_role",
      "name": "eks_cluster_role",
      "provider": "provider[\"registry.terraform.io/hashicorp/aws\"]",
      "instances": [
        {
          "schema_version": 0,
          "attributes": {
            "arn": "arn:aws:iam::061039804626:role/matchfit-eks-cluster-role",
            "assume_role_policy": "{\"Statement\":[{\"Action\":\"sts:AssumeRole\",\"Effect\":\"Allow\",\"Principal\":{\"Service\":\"eks.amazonaws.com\"}}],\"Version\":\"2012-10-17\"}",
            "create_date": "2025-07-28T02:37:45Z",
            "description": "",
            "force_detach_policies": false,
            "id": "matchfit-eks-cluster-role",
            "inline_policy": [],
            "managed_policy_arns": [
              "arn:aws:iam::aws:policy/AmazonEKSClusterPolicy",
              "arn:aws:iam::aws:policy/AmazonEKSVPCResourceController"
            ],
            "max_session_duration": 3600,
            "name": "matchfit-eks-cluster-role",
            "name_prefix": "",
            "path": "/",
            "permissions_boundary": "",
            "tags": {
              "Environment": "dev",
              "Project": "team3"
            },
            "tags_all": {
              "Environment": "dev",
              "Project": "team3"
            },
            "unique_id": "AROAQ4NSBQDJPJ62BXGAD"
          },
          "sensitive_attributes": [],
          "identity_schema_version": 0,
          "private": "bnVsbA==",
          "dependencies": [
            "module.network.aws_eip.nat",
            "module.network.aws_internet_gateway.this",
            "module.network.aws_nat_gateway.this",
            "module.network.aws_route.internet_access",
            "module.network.aws_route_table.public",
            "module.network.aws_route_table.this",
            "module.network.aws_route_table_association.public_assoc",
            "module.network.aws_route_table_association.this",
            "module.network.aws_subnet.private",
            "module.network.aws_subnet.public",
            "module.network.aws_vpc.this"
          ]
        }
      ]
    },
    {
      "module": "module.eks",
      "mode": "managed",
      "type": "aws_iam_role",
      "name": "eks_node_role",
      "provider": "provider[\"registry.terraform.io/hashicorp/aws\"]",
      "instances": [
        {
          "schema_version": 0,
          "attributes": {
            "arn": "arn:aws:iam::061039804626:role/matchfit-eks-node-role",
            "assume_role_policy": "{\"Statement\":[{\"Action\":\"sts:AssumeRole\",\"Effect\":\"Allow\",\"Principal\":{\"Service\":\"ec2.amazonaws.com\"}}],\"Version\":\"2012-10-17\"}",
            "create_date": "2025-07-28T02:37:45Z",
            "description": "",
            "force_detach_policies": false,
            "id": "matchfit-eks-node-role",
            "inline_policy": [],
            "managed_policy_arns": [
              "arn:aws:iam::aws:policy/AmazonEC2ContainerRegistryReadOnly",
              "arn:aws:iam::aws:policy/AmazonEKSWorkerNodePolicy",
              "arn:aws:iam::aws:policy/AmazonEKS_CNI_Policy",
              "arn:aws:iam::aws:policy/AmazonSSMManagedInstanceCore"
            ],
            "max_session_duration": 3600,
            "name": "matchfit-eks-node-role",
            "name_prefix": "",
            "path": "/",
            "permissions_boundary": "",
            "tags": {
              "Environment": "dev",
              "Project": "team3"
            },
            "tags_all": {
              "Environment": "dev",
              "Project": "team3"
            },
            "unique_id": "AROAQ4NSBQDJDF5YP6ULP"
          },
          "sensitive_attributes": [],
          "identity_schema_version": 0,
          "private": "bnVsbA==",
          "dependencies": [
            "module.network.aws_eip.nat",
            "module.network.aws_internet_gateway.this",
            "module.network.aws_nat_gateway.this",
            "module.network.aws_route.internet_access",
            "module.network.aws_route_table.public",
            "module.network.aws_route_table.this",
            "module.network.aws_route_table_association.public_assoc",
            "module.network.aws_route_table_association.this",
            "module.network.aws_subnet.private",
            "module.network.aws_subnet.public",
            "module.network.aws_vpc.this"
          ]
        }
      ]
    },
    {
      "module": "module.eks",
      "mode": "managed",
      "type": "aws_iam_role_policy_attachment",
      "name": "eks_cluster_policy",
      "provider": "provider[\"registry.terraform.io/hashicorp/aws\"]",
      "instances": [
        {
          "schema_version": 0,
          "attributes": {
            "id": "matchfit-eks-cluster-role-20250728031931377500000006",
            "policy_arn": "arn:aws:iam::aws:policy/AmazonEKSClusterPolicy",
            "role": "matchfit-eks-cluster-role"
          },
          "sensitive_attributes": [],
          "identity_schema_version": 0,
          "private": "bnVsbA==",
          "dependencies": [
            "module.eks.aws_iam_role.eks_cluster_role",
            "module.network.aws_eip.nat",
            "module.network.aws_internet_gateway.this",
            "module.network.aws_nat_gateway.this",
            "module.network.aws_route.internet_access",
            "module.network.aws_route_table.public",
            "module.network.aws_route_table.this",
            "module.network.aws_route_table_association.public_assoc",
            "module.network.aws_route_table_association.this",
            "module.network.aws_subnet.private",
            "module.network.aws_subnet.public",
            "module.network.aws_vpc.this"
          ]
        }
      ]
    },
    {
      "module": "module.eks",
      "mode": "managed",
      "type": "aws_iam_role_policy_attachment",
      "name": "eks_cni_policy",
      "provider": "provider[\"registry.terraform.io/hashicorp/aws\"]",
      "instances": [
        {
          "schema_version": 0,
          "attributes": {
            "id": "matchfit-eks-node-role-20250728031931312600000005",
            "policy_arn": "arn:aws:iam::aws:policy/AmazonEKS_CNI_Policy",
            "role": "matchfit-eks-node-role"
          },
          "sensitive_attributes": [],
          "identity_schema_version": 0,
          "private": "bnVsbA==",
          "dependencies": [
            "module.eks.aws_iam_role.eks_node_role",
            "module.network.aws_eip.nat",
            "module.network.aws_internet_gateway.this",
            "module.network.aws_nat_gateway.this",
            "module.network.aws_route.internet_access",
            "module.network.aws_route_table.public",
            "module.network.aws_route_table.this",
            "module.network.aws_route_table_association.public_assoc",
            "module.network.aws_route_table_association.this",
            "module.network.aws_subnet.private",
            "module.network.aws_subnet.public",
            "module.network.aws_vpc.this"
          ]
        }
      ]
    },
    {
      "module": "module.eks",
      "mode": "managed",
      "type": "aws_iam_role_policy_attachment",
      "name": "eks_registry_policy",
      "provider": "provider[\"registry.terraform.io/hashicorp/aws\"]",
      "instances": [
        {
          "schema_version": 0,
          "attributes": {
            "id": "matchfit-eks-node-role-20250728031931312100000003",
            "policy_arn": "arn:aws:iam::aws:policy/AmazonEC2ContainerRegistryReadOnly",
            "role": "matchfit-eks-node-role"
          },
          "sensitive_attributes": [],
          "identity_schema_version": 0,
          "private": "bnVsbA==",
          "dependencies": [
            "module.eks.aws_iam_role.eks_node_role",
            "module.network.aws_eip.nat",
            "module.network.aws_internet_gateway.this",
            "module.network.aws_nat_gateway.this",
            "module.network.aws_route.internet_access",
            "module.network.aws_route_table.public",
            "module.network.aws_route_table.this",
            "module.network.aws_route_table_association.public_assoc",
            "module.network.aws_route_table_association.this",
            "module.network.aws_subnet.private",
            "module.network.aws_subnet.public",
            "module.network.aws_vpc.this"
          ]
        }
      ]
    },
    {
      "module": "module.eks",
      "mode": "managed",
      "type": "aws_iam_role_policy_attachment",
      "name": "eks_vpc_controller_policy",
      "provider": "provider[\"registry.terraform.io/hashicorp/aws\"]",
      "instances": [
        {
          "schema_version": 0,
          "attributes": {
            "id": "matchfit-eks-cluster-role-20250728031931312100000002",
            "policy_arn": "arn:aws:iam::aws:policy/AmazonEKSVPCResourceController",
            "role": "matchfit-eks-cluster-role"
          },
          "sensitive_attributes": [],
          "identity_schema_version": 0,
          "private": "bnVsbA==",
          "dependencies": [
            "module.eks.aws_iam_role.eks_cluster_role",
            "module.network.aws_eip.nat",
            "module.network.aws_internet_gateway.this",
            "module.network.aws_nat_gateway.this",
            "module.network.aws_route.internet_access",
            "module.network.aws_route_table.public",
            "module.network.aws_route_table.this",
            "module.network.aws_route_table_association.public_assoc",
            "module.network.aws_route_table_association.this",
            "module.network.aws_subnet.private",
            "module.network.aws_subnet.public",
            "module.network.aws_vpc.this"
          ]
        }
      ]
    },
    {
      "module": "module.eks",
      "mode": "managed",
      "type": "aws_iam_role_policy_attachment",
      "name": "eks_worker_policy",
      "provider": "provider[\"registry.terraform.io/hashicorp/aws\"]",
      "instances": [
        {
          "schema_version": 0,
          "attributes": {
            "id": "matchfit-eks-node-role-20250728031931305700000001",
            "policy_arn": "arn:aws:iam::aws:policy/AmazonEKSWorkerNodePolicy",
            "role": "matchfit-eks-node-role"
          },
          "sensitive_attributes": [],
          "identity_schema_version": 0,
          "private": "bnVsbA==",
          "dependencies": [
            "module.eks.aws_iam_role.eks_node_role",
            "module.network.aws_eip.nat",
            "module.network.aws_internet_gateway.this",
            "module.network.aws_nat_gateway.this",
            "module.network.aws_route.internet_access",
            "module.network.aws_route_table.public",
            "module.network.aws_route_table.this",
            "module.network.aws_route_table_association.public_assoc",
            "module.network.aws_route_table_association.this",
            "module.network.aws_subnet.private",
            "module.network.aws_subnet.public",
            "module.network.aws_vpc.this"
          ]
        }
      ]
    },
    {
      "module": "module.eks",
      "mode": "managed",
      "type": "aws_iam_role_policy_attachment",
      "name": "ssm_core_policy",
      "provider": "provider[\"registry.terraform.io/hashicorp/aws\"]",
      "instances": [
        {
          "schema_version": 0,
          "attributes": {
            "id": "matchfit-eks-node-role-20250728031931312100000004",
            "policy_arn": "arn:aws:iam::aws:policy/AmazonSSMManagedInstanceCore",
            "role": "matchfit-eks-node-role"
          },
          "sensitive_attributes": [],
          "identity_schema_version": 0,
          "private": "bnVsbA==",
          "dependencies": [
            "module.eks.aws_iam_role.eks_node_role",
            "module.network.aws_eip.nat",
            "module.network.aws_internet_gateway.this",
            "module.network.aws_nat_gateway.this",
            "module.network.aws_route.internet_access",
            "module.network.aws_route_table.public",
            "module.network.aws_route_table.this",
            "module.network.aws_route_table_association.public_assoc",
            "module.network.aws_route_table_association.this",
            "module.network.aws_subnet.private",
            "module.network.aws_subnet.public",
            "module.network.aws_vpc.this"
          ]
        }
      ]
    },
    {
      "module": "module.eks",
      "mode": "managed",
      "type": "aws_security_group",
      "name": "eks_cluster_sg",
      "provider": "provider[\"registry.terraform.io/hashicorp/aws\"]",
      "instances": [
        {
          "schema_version": 1,
          "attributes": {
            "arn": "arn:aws:ec2:ap-northeast-2:061039804626:security-group/sg-011688856b873c957",
            "description": "EKS Cluster SG",
            "egress": [
              {
                "cidr_blocks": [
                  "0.0.0.0/0"
                ],
                "description": "",
                "from_port": 0,
                "ipv6_cidr_blocks": [],
                "prefix_list_ids": [],
                "protocol": "-1",
                "security_groups": [],
                "self": false,
                "to_port": 0
              }
            ],
            "id": "sg-011688856b873c957",
            "ingress": [
              {
                "cidr_blocks": [
                  "10.0.2.0/24"
                ],
                "description": "Allow worker nodes to access cluster",
                "from_port": 443,
                "ipv6_cidr_blocks": [],
                "prefix_list_ids": [],
                "protocol": "tcp",
                "security_groups": [],
                "self": false,
                "to_port": 443
              }
            ],
            "name": "matchfit-eks-sg",
            "name_prefix": "",
            "owner_id": "061039804626",
            "revoke_rules_on_delete": false,
            "tags": {
              "Environment": "dev",
              "Name": "matchfit-eks-sg",
              "Project": "team3"
            },
            "tags_all": {
              "Environment": "dev",
              "Name": "matchfit-eks-sg",
              "Project": "team3"
            },
            "timeouts": null,
            "vpc_id": "vpc-049ba0dbbebf854af"
          },
          "sensitive_attributes": [],
          "identity_schema_version": 0,
          "private": "eyJlMmJmYjczMC1lY2FhLTExZTYtOGY4OC0zNDM2M2JjN2M0YzAiOnsiY3JlYXRlIjo2MDAwMDAwMDAwMDAsImRlbGV0ZSI6OTAwMDAwMDAwMDAwfSwic2NoZW1hX3ZlcnNpb24iOiIxIn0=",
          "dependencies": [
            "module.network.aws_eip.nat",
            "module.network.aws_internet_gateway.this",
            "module.network.aws_nat_gateway.this",
            "module.network.aws_route.internet_access",
            "module.network.aws_route_table.public",
            "module.network.aws_route_table.this",
            "module.network.aws_route_table_association.public_assoc",
            "module.network.aws_route_table_association.this",
            "module.network.aws_subnet.private",
            "module.network.aws_subnet.public",
            "module.network.aws_vpc.this"
          ]
        }
      ]
    },
    {
      "module": "module.eks",
      "mode": "managed",
      "type": "aws_security_group",
      "name": "eks_node_sg",
      "provider": "provider[\"registry.terraform.io/hashicorp/aws\"]",
      "instances": [
        {
          "schema_version": 1,
          "attributes": {
            "arn": "arn:aws:ec2:ap-northeast-2:061039804626:security-group/sg-00d00ceec3d99a93d",
            "description": "Security group for EKS worker nodes",
            "egress": [
              {
                "cidr_blocks": [
                  "0.0.0.0/0"
                ],
                "description": "",
                "from_port": 0,
                "ipv6_cidr_blocks": [],
                "prefix_list_ids": [],
                "protocol": "-1",
                "security_groups": [],
                "self": false,
                "to_port": 0
              }
            ],
            "id": "sg-00d00ceec3d99a93d",
            "ingress": [
              {
                "cidr_blocks": [],
                "description": "Allow cluster to communicate with nodes",
                "from_port": 0,
                "ipv6_cidr_blocks": [],
                "prefix_list_ids": [],
                "protocol": "tcp",
                "security_groups": [
                  "sg-011688856b873c957"
                ],
                "self": false,
                "to_port": 65535
              },
              {
                "cidr_blocks": [],
                "description": "Allow node to node communication",
                "from_port": 0,
                "ipv6_cidr_blocks": [],
                "prefix_list_ids": [],
                "protocol": "tcp",
                "security_groups": [],
                "self": true,
                "to_port": 65535
              }
            ],
            "name": "matchfit-eks-node-sg",
            "name_prefix": "",
            "owner_id": "061039804626",
            "revoke_rules_on_delete": false,
            "tags": {
              "Environment": "dev",
              "Name": "matchfit-eks-node-sg",
              "Project": "team3"
            },
            "tags_all": {
              "Environment": "dev",
              "Name": "matchfit-eks-node-sg",
              "Project": "team3"
            },
            "timeouts": null,
            "vpc_id": "vpc-049ba0dbbebf854af"
          },
          "sensitive_attributes": [],
          "identity_schema_version": 0,
          "private": "eyJlMmJmYjczMC1lY2FhLTExZTYtOGY4OC0zNDM2M2JjN2M0YzAiOnsiY3JlYXRlIjo2MDAwMDAwMDAwMDAsImRlbGV0ZSI6OTAwMDAwMDAwMDAwfSwic2NoZW1hX3ZlcnNpb24iOiIxIn0=",
          "dependencies": [
            "module.eks.aws_security_group.eks_cluster_sg",
            "module.network.aws_eip.nat",
            "module.network.aws_internet_gateway.this",
            "module.network.aws_nat_gateway.this",
            "module.network.aws_route.internet_access",
            "module.network.aws_route_table.public",
            "module.network.aws_route_table.this",
            "module.network.aws_route_table_association.public_assoc",
            "module.network.aws_route_table_association.this",
            "module.network.aws_subnet.private",
            "module.network.aws_subnet.public",
            "module.network.aws_vpc.this"
          ]
        }
      ]
    },
    {
      "module": "module.eks",
      "mode": "managed",
      "type": "aws_security_group",
      "name": "eks_ssh_sg",
      "provider": "provider[\"registry.terraform.io/hashicorp/aws\"]",
      "instances": [
        {
          "schema_version": 1,
          "attributes": {
            "arn": "arn:aws:ec2:ap-northeast-2:061039804626:security-group/sg-064d2df79318b76fa",
            "description": "SSH access for EKS nodes",
            "egress": [
              {
                "cidr_blocks": [
                  "0.0.0.0/0"
                ],
                "description": "",
                "from_port": 0,
                "ipv6_cidr_blocks": [],
                "prefix_list_ids": [],
                "protocol": "-1",
                "security_groups": [],
                "self": false,
                "to_port": 0
              }
            ],
            "id": "sg-064d2df79318b76fa",
            "ingress": [
              {
                "cidr_blocks": [
                  "192.168.200.0/22"
                ],
                "description": "Allow SSH from VPN Endpoint",
                "from_port": 22,
                "ipv6_cidr_blocks": [],
                "prefix_list_ids": [],
                "protocol": "tcp",
                "security_groups": [],
                "self": false,
                "to_port": 22
              }
            ],
            "name": "matchfit-eks-node-ssh-sg",
            "name_prefix": "",
            "owner_id": "061039804626",
            "revoke_rules_on_delete": false,
            "tags": {
              "Environment": "dev",
              "Name": "matchfit-eks-node-ssh-sg",
              "Project": "team3"
            },
            "tags_all": {
              "Environment": "dev",
              "Name": "matchfit-eks-node-ssh-sg",
              "Project": "team3"
            },
            "timeouts": null,
            "vpc_id": "vpc-049ba0dbbebf854af"
          },
          "sensitive_attributes": [],
          "identity_schema_version": 0,
          "private": "eyJlMmJmYjczMC1lY2FhLTExZTYtOGY4OC0zNDM2M2JjN2M0YzAiOnsiY3JlYXRlIjo2MDAwMDAwMDAwMDAsImRlbGV0ZSI6OTAwMDAwMDAwMDAwfSwic2NoZW1hX3ZlcnNpb24iOiIxIn0=",
          "dependencies": [
            "module.network.aws_eip.nat",
            "module.network.aws_internet_gateway.this",
            "module.network.aws_nat_gateway.this",
            "module.network.aws_route.internet_access",
            "module.network.aws_route_table.public",
            "module.network.aws_route_table.this",
            "module.network.aws_route_table_association.public_assoc",
            "module.network.aws_route_table_association.this",
            "module.network.aws_subnet.private",
            "module.network.aws_subnet.public",
            "module.network.aws_vpc.this"
          ]
        }
      ]
    },
    {
      "module": "module.network",
      "mode": "managed",
      "type": "aws_eip",
      "name": "nat",
      "provider": "provider[\"registry.terraform.io/hashicorp/aws\"]",
      "instances": [
        {
          "schema_version": 0,
          "attributes": {
            "address": null,
            "allocation_id": "eipalloc-089a17680331e2b0d",
            "arn": "arn:aws:ec2:ap-northeast-2:061039804626:elastic-ip/eipalloc-089a17680331e2b0d",
            "associate_with_private_ip": null,
            "association_id": "eipassoc-07151d99d6c482808",
            "carrier_ip": "",
            "customer_owned_ip": "",
            "customer_owned_ipv4_pool": "",
            "domain": "vpc",
            "id": "eipalloc-089a17680331e2b0d",
            "instance": "",
            "ipam_pool_id": null,
            "network_border_group": "ap-northeast-2",
            "network_interface": "eni-0cec69c1bed2f8839",
            "private_dns": "ip-100-0-10-146.ap-northeast-2.compute.internal",
            "private_ip": "100.0.10.146",
            "ptr_record": "",
            "public_dns": "ec2-15-164-54-224.ap-northeast-2.compute.amazonaws.com",
            "public_ip": "15.164.54.224",
            "public_ipv4_pool": "amazon",
            "tags": {},
            "tags_all": {},
            "timeouts": null,
            "vpc": true
          },
          "sensitive_attributes": [],
          "identity_schema_version": 0,
          "private": "eyJlMmJmYjczMC1lY2FhLTExZTYtOGY4OC0zNDM2M2JjN2M0YzAiOnsiZGVsZXRlIjoxODAwMDAwMDAwMDAsInJlYWQiOjkwMDAwMDAwMDAwMCwidXBkYXRlIjozMDAwMDAwMDAwMDB9fQ=="
        }
      ]
    },
    {
      "module": "module.network",
      "mode": "managed",
      "type": "aws_internet_gateway",
      "name": "this",
      "provider": "provider[\"registry.terraform.io/hashicorp/aws\"]",
      "instances": [
        {
          "schema_version": 0,
          "attributes": {
            "arn": "arn:aws:ec2:ap-northeast-2:061039804626:internet-gateway/igw-0d79fa61c713fc83d",
            "id": "igw-0d79fa61c713fc83d",
            "owner_id": "061039804626",
            "tags": {
              "Name": "matchfit-igw"
            },
            "tags_all": {
              "Name": "matchfit-igw"
            },
            "timeouts": null,
            "vpc_id": "vpc-049ba0dbbebf854af"
          },
          "sensitive_attributes": [],
          "identity_schema_version": 0,
          "private": "eyJlMmJmYjczMC1lY2FhLTExZTYtOGY4OC0zNDM2M2JjN2M0YzAiOnsiY3JlYXRlIjoxMjAwMDAwMDAwMDAwLCJkZWxldGUiOjEyMDAwMDAwMDAwMDAsInVwZGF0ZSI6MTIwMDAwMDAwMDAwMH19",
          "dependencies": [
            "module.network.aws_vpc.this"
          ]
        }
      ]
    },
    {
      "module": "module.network",
      "mode": "managed",
      "type": "aws_nat_gateway",
      "name": "this",
      "provider": "provider[\"registry.terraform.io/hashicorp/aws\"]",
      "instances": [
        {
          "schema_version": 0,
          "attributes": {
            "allocation_id": "eipalloc-089a17680331e2b0d",
            "association_id": "eipassoc-07151d99d6c482808",
            "connectivity_type": "public",
            "id": "nat-0ae62224b58620473",
            "network_interface_id": "eni-0cec69c1bed2f8839",
            "private_ip": "100.0.10.146",
            "public_ip": "15.164.54.224",
            "secondary_allocation_ids": [],
            "secondary_private_ip_address_count": 0,
            "secondary_private_ip_addresses": [],
            "subnet_id": "subnet-01b80ea32ceca09dd",
            "tags": {
              "Name": "matchfit-nat-gw"
            },
            "tags_all": {
              "Name": "matchfit-nat-gw"
            },
            "timeouts": null
          },
          "sensitive_attributes": [],
          "identity_schema_version": 0,
          "private": "eyJlMmJmYjczMC1lY2FhLTExZTYtOGY4OC0zNDM2M2JjN2M0YzAiOnsiY3JlYXRlIjo2MDAwMDAwMDAwMDAsImRlbGV0ZSI6MTgwMDAwMDAwMDAwMCwidXBkYXRlIjo2MDAwMDAwMDAwMDB9fQ==",
          "dependencies": [
            "module.network.aws_eip.nat",
            "module.network.aws_internet_gateway.this",
            "module.network.aws_subnet.public",
            "module.network.aws_vpc.this"
          ]
        }
      ]
    },
    {
      "module": "module.network",
      "mode": "managed",
      "type": "aws_route",
      "name": "internet_access",
      "provider": "provider[\"registry.terraform.io/hashicorp/aws\"]",
      "instances": [
        {
          "schema_version": 0,
          "attributes": {
            "carrier_gateway_id": "",
            "core_network_arn": "",
            "destination_cidr_block": "0.0.0.0/0",
            "destination_ipv6_cidr_block": "",
            "destination_prefix_list_id": "",
            "egress_only_gateway_id": "",
            "gateway_id": "igw-0d79fa61c713fc83d",
            "id": "r-rtb-032ff93deece87d361080289494",
            "instance_id": "",
            "instance_owner_id": "",
            "local_gateway_id": "",
            "nat_gateway_id": "",
            "network_interface_id": "",
            "origin": "CreateRoute",
            "route_table_id": "rtb-032ff93deece87d36",
            "state": "active",
            "timeouts": null,
            "transit_gateway_id": "",
            "vpc_endpoint_id": "",
            "vpc_peering_connection_id": ""
          },
          "sensitive_attributes": [],
          "identity_schema_version": 0,
          "private": "eyJlMmJmYjczMC1lY2FhLTExZTYtOGY4OC0zNDM2M2JjN2M0YzAiOnsiY3JlYXRlIjozMDAwMDAwMDAwMDAsImRlbGV0ZSI6MzAwMDAwMDAwMDAwLCJ1cGRhdGUiOjEyMDAwMDAwMDAwMH19",
          "dependencies": [
            "module.network.aws_internet_gateway.this",
            "module.network.aws_route_table.public",
            "module.network.aws_vpc.this"
          ]
        }
      ]
    },
    {
      "module": "module.network",
      "mode": "managed",
      "type": "aws_route_table",
      "name": "public",
      "provider": "provider[\"registry.terraform.io/hashicorp/aws\"]",
      "instances": [
        {
          "schema_version": 0,
          "attributes": {
            "arn": "arn:aws:ec2:ap-northeast-2:061039804626:route-table/rtb-032ff93deece87d36",
            "id": "rtb-032ff93deece87d36",
            "owner_id": "061039804626",
            "propagating_vgws": [],
            "route": [
              {
                "carrier_gateway_id": "",
                "cidr_block": "0.0.0.0/0",
                "core_network_arn": "",
                "destination_prefix_list_id": "",
                "egress_only_gateway_id": "",
                "gateway_id": "igw-0d79fa61c713fc83d",
                "ipv6_cidr_block": "",
                "local_gateway_id": "",
                "nat_gateway_id": "",
                "network_interface_id": "",
                "transit_gateway_id": "",
                "vpc_endpoint_id": "",
                "vpc_peering_connection_id": ""
              }
            ],
            "tags": {
              "Name": "matchfit-public-rt"
            },
            "tags_all": {
              "Name": "matchfit-public-rt"
            },
            "timeouts": null,
            "vpc_id": "vpc-049ba0dbbebf854af"
          },
          "sensitive_attributes": [],
          "identity_schema_version": 0,
          "private": "eyJlMmJmYjczMC1lY2FhLTExZTYtOGY4OC0zNDM2M2JjN2M0YzAiOnsiY3JlYXRlIjozMDAwMDAwMDAwMDAsImRlbGV0ZSI6MzAwMDAwMDAwMDAwLCJ1cGRhdGUiOjEyMDAwMDAwMDAwMH19",
          "dependencies": [
            "module.network.aws_vpc.this"
          ]
        }
      ]
    },
    {
      "module": "module.network",
      "mode": "managed",
      "type": "aws_route_table",
      "name": "this",
      "provider": "provider[\"registry.terraform.io/hashicorp/aws\"]",
      "instances": [
        {
          "index_key": 0,
          "schema_version": 0,
          "attributes": {
            "arn": "arn:aws:ec2:ap-northeast-2:061039804626:route-table/rtb-0882f5fc0106c26fe",
            "id": "rtb-0882f5fc0106c26fe",
            "owner_id": "061039804626",
            "propagating_vgws": [],
            "route": [
              {
                "carrier_gateway_id": "",
                "cidr_block": "0.0.0.0/0",
                "core_network_arn": "",
                "destination_prefix_list_id": "",
                "egress_only_gateway_id": "",
                "gateway_id": "",
                "ipv6_cidr_block": "",
                "local_gateway_id": "",
                "nat_gateway_id": "nat-0ae62224b58620473",
                "network_interface_id": "",
                "transit_gateway_id": "",
                "vpc_endpoint_id": "",
                "vpc_peering_connection_id": ""
              }
            ],
            "tags": {
              "Name": "private-rt"
            },
            "tags_all": {
              "Name": "private-rt"
            },
            "timeouts": null,
            "vpc_id": "vpc-049ba0dbbebf854af"
          },
          "sensitive_attributes": [],
          "identity_schema_version": 0,
          "private": "eyJlMmJmYjczMC1lY2FhLTExZTYtOGY4OC0zNDM2M2JjN2M0YzAiOnsiY3JlYXRlIjozMDAwMDAwMDAwMDAsImRlbGV0ZSI6MzAwMDAwMDAwMDAwLCJ1cGRhdGUiOjEyMDAwMDAwMDAwMH19",
          "dependencies": [
            "module.network.aws_eip.nat",
            "module.network.aws_internet_gateway.this",
            "module.network.aws_nat_gateway.this",
            "module.network.aws_subnet.private",
            "module.network.aws_subnet.public",
            "module.network.aws_vpc.this"
          ]
        }
      ]
    },
    {
      "module": "module.network",
      "mode": "managed",
      "type": "aws_route_table_association",
      "name": "public_assoc",
      "provider": "provider[\"registry.terraform.io/hashicorp/aws\"]",
      "instances": [
        {
          "index_key": 0,
          "schema_version": 0,
          "attributes": {
            "gateway_id": "",
            "id": "rtbassoc-0f73aa9436b5442c5",
            "route_table_id": "rtb-032ff93deece87d36",
            "subnet_id": "subnet-01b80ea32ceca09dd",
            "timeouts": null
          },
          "sensitive_attributes": [],
          "identity_schema_version": 0,
          "private": "eyJlMmJmYjczMC1lY2FhLTExZTYtOGY4OC0zNDM2M2JjN2M0YzAiOnsiY3JlYXRlIjozMDAwMDAwMDAwMDAsImRlbGV0ZSI6MzAwMDAwMDAwMDAwLCJ1cGRhdGUiOjEyMDAwMDAwMDAwMH19",
          "dependencies": [
            "module.network.aws_route_table.public",
            "module.network.aws_subnet.public",
            "module.network.aws_vpc.this"
          ]
        },
        {
          "index_key": 1,
          "schema_version": 0,
          "attributes": {
            "gateway_id": "",
            "id": "rtbassoc-01348ce69968e2f64",
            "route_table_id": "rtb-032ff93deece87d36",
            "subnet_id": "subnet-07ead580816205d0d",
            "timeouts": null
          },
          "sensitive_attributes": [],
          "identity_schema_version": 0,
          "private": "eyJlMmJmYjczMC1lY2FhLTExZTYtOGY4OC0zNDM2M2JjN2M0YzAiOnsiY3JlYXRlIjozMDAwMDAwMDAwMDAsImRlbGV0ZSI6MzAwMDAwMDAwMDAwLCJ1cGRhdGUiOjEyMDAwMDAwMDAwMH19",
          "dependencies": [
            "module.network.aws_route_table.public",
            "module.network.aws_subnet.public",
            "module.network.aws_vpc.this"
          ]
        },
        {
          "index_key": 2,
          "schema_version": 0,
          "attributes": {
            "gateway_id": "",
            "id": "rtbassoc-0b74807898a21594c",
            "route_table_id": "rtb-032ff93deece87d36",
            "subnet_id": "subnet-0dc8b9972f8c7145d",
            "timeouts": null
          },
          "sensitive_attributes": [],
          "identity_schema_version": 0,
          "private": "eyJlMmJmYjczMC1lY2FhLTExZTYtOGY4OC0zNDM2M2JjN2M0YzAiOnsiY3JlYXRlIjozMDAwMDAwMDAwMDAsImRlbGV0ZSI6MzAwMDAwMDAwMDAwLCJ1cGRhdGUiOjEyMDAwMDAwMDAwMH19",
          "dependencies": [
            "module.network.aws_route_table.public",
            "module.network.aws_subnet.public",
            "module.network.aws_vpc.this"
          ]
        }
      ]
    },
    {
      "module": "module.network",
      "mode": "managed",
      "type": "aws_route_table_association",
      "name": "this",
      "provider": "provider[\"registry.terraform.io/hashicorp/aws\"]",
      "instances": [
        {
          "index_key": 0,
          "schema_version": 0,
          "attributes": {
            "gateway_id": "",
            "id": "rtbassoc-03d9265c456920394",
            "route_table_id": "rtb-0882f5fc0106c26fe",
            "subnet_id": "subnet-09a406758275bfbeb",
            "timeouts": null
          },
          "sensitive_attributes": [],
          "identity_schema_version": 0,
          "private": "eyJlMmJmYjczMC1lY2FhLTExZTYtOGY4OC0zNDM2M2JjN2M0YzAiOnsiY3JlYXRlIjozMDAwMDAwMDAwMDAsImRlbGV0ZSI6MzAwMDAwMDAwMDAwLCJ1cGRhdGUiOjEyMDAwMDAwMDAwMH19",
          "dependencies": [
            "module.network.aws_eip.nat",
            "module.network.aws_internet_gateway.this",
            "module.network.aws_nat_gateway.this",
            "module.network.aws_route_table.this",
            "module.network.aws_subnet.private",
            "module.network.aws_subnet.public",
            "module.network.aws_vpc.this"
          ]
        },
        {
          "index_key": 1,
          "schema_version": 0,
          "attributes": {
            "gateway_id": "",
            "id": "rtbassoc-059828aa9da798821",
            "route_table_id": "rtb-0882f5fc0106c26fe",
            "subnet_id": "subnet-00f10b0cea348a8b1",
            "timeouts": null
          },
          "sensitive_attributes": [],
          "identity_schema_version": 0,
          "private": "eyJlMmJmYjczMC1lY2FhLTExZTYtOGY4OC0zNDM2M2JjN2M0YzAiOnsiY3JlYXRlIjozMDAwMDAwMDAwMDAsImRlbGV0ZSI6MzAwMDAwMDAwMDAwLCJ1cGRhdGUiOjEyMDAwMDAwMDAwMH19",
          "dependencies": [
            "module.network.aws_eip.nat",
            "module.network.aws_internet_gateway.this",
            "module.network.aws_nat_gateway.this",
            "module.network.aws_route_table.this",
            "module.network.aws_subnet.private",
            "module.network.aws_subnet.public",
            "module.network.aws_vpc.this"
          ]
        },
        {
          "index_key": 2,
          "schema_version": 0,
          "attributes": {
            "gateway_id": "",
            "id": "rtbassoc-04ceb1bf19934f07d",
            "route_table_id": "rtb-0882f5fc0106c26fe",
            "subnet_id": "subnet-04aad5ac72d8d1437",
            "timeouts": null
          },
          "sensitive_attributes": [],
          "identity_schema_version": 0,
          "private": "eyJlMmJmYjczMC1lY2FhLTExZTYtOGY4OC0zNDM2M2JjN2M0YzAiOnsiY3JlYXRlIjozMDAwMDAwMDAwMDAsImRlbGV0ZSI6MzAwMDAwMDAwMDAwLCJ1cGRhdGUiOjEyMDAwMDAwMDAwMH19",
          "dependencies": [
            "module.network.aws_eip.nat",
            "module.network.aws_internet_gateway.this",
            "module.network.aws_nat_gateway.this",
            "module.network.aws_route_table.this",
            "module.network.aws_subnet.private",
            "module.network.aws_subnet.public",
            "module.network.aws_vpc.this"
          ]
        }
      ]
    },
    {
      "module": "module.network",
      "mode": "managed",
      "type": "aws_subnet",
      "name": "private",
      "provider": "provider[\"registry.terraform.io/hashicorp/aws\"]",
      "instances": [
        {
          "index_key": 0,
          "schema_version": 1,
          "attributes": {
            "arn": "arn:aws:ec2:ap-northeast-2:061039804626:subnet/subnet-09a406758275bfbeb",
            "assign_ipv6_address_on_creation": false,
            "availability_zone": "ap-northeast-2a",
            "availability_zone_id": "apne2-az1",
            "cidr_block": "100.0.1.0/24",
            "customer_owned_ipv4_pool": "",
            "enable_dns64": false,
            "enable_lni_at_device_index": 0,
            "enable_resource_name_dns_a_record_on_launch": false,
            "enable_resource_name_dns_aaaa_record_on_launch": false,
            "id": "subnet-09a406758275bfbeb",
            "ipv6_cidr_block": "",
            "ipv6_cidr_block_association_id": "",
            "ipv6_native": false,
            "map_customer_owned_ip_on_launch": false,
            "map_public_ip_on_launch": false,
            "outpost_arn": "",
            "owner_id": "061039804626",
            "private_dns_hostname_type_on_launch": "ip-name",
            "tags": {
              "Name": "matchfit-private-1"
            },
            "tags_all": {
              "Name": "matchfit-private-1"
            },
            "timeouts": null,
            "vpc_id": "vpc-049ba0dbbebf854af"
          },
          "sensitive_attributes": [],
          "identity_schema_version": 0,
          "private": "eyJlMmJmYjczMC1lY2FhLTExZTYtOGY4OC0zNDM2M2JjN2M0YzAiOnsiY3JlYXRlIjo2MDAwMDAwMDAwMDAsImRlbGV0ZSI6MTIwMDAwMDAwMDAwMH0sInNjaGVtYV92ZXJzaW9uIjoiMSJ9",
          "dependencies": [
            "module.network.aws_vpc.this"
          ]
        },
        {
          "index_key": 1,
          "schema_version": 1,
          "attributes": {
            "arn": "arn:aws:ec2:ap-northeast-2:061039804626:subnet/subnet-00f10b0cea348a8b1",
            "assign_ipv6_address_on_creation": false,
            "availability_zone": "ap-northeast-2b",
            "availability_zone_id": "apne2-az2",
            "cidr_block": "100.0.2.0/24",
            "customer_owned_ipv4_pool": "",
            "enable_dns64": false,
            "enable_lni_at_device_index": 0,
            "enable_resource_name_dns_a_record_on_launch": false,
            "enable_resource_name_dns_aaaa_record_on_launch": false,
            "id": "subnet-00f10b0cea348a8b1",
            "ipv6_cidr_block": "",
            "ipv6_cidr_block_association_id": "",
            "ipv6_native": false,
            "map_customer_owned_ip_on_launch": false,
            "map_public_ip_on_launch": false,
            "outpost_arn": "",
            "owner_id": "061039804626",
            "private_dns_hostname_type_on_launch": "ip-name",
            "tags": {
              "Name": "matchfit-private-2"
            },
            "tags_all": {
              "Name": "matchfit-private-2"
            },
            "timeouts": null,
            "vpc_id": "vpc-049ba0dbbebf854af"
          },
          "sensitive_attributes": [],
          "identity_schema_version": 0,
          "private": "eyJlMmJmYjczMC1lY2FhLTExZTYtOGY4OC0zNDM2M2JjN2M0YzAiOnsiY3JlYXRlIjo2MDAwMDAwMDAwMDAsImRlbGV0ZSI6MTIwMDAwMDAwMDAwMH0sInNjaGVtYV92ZXJzaW9uIjoiMSJ9",
          "dependencies": [
            "module.network.aws_vpc.this"
          ]
        },
        {
          "index_key": 2,
          "schema_version": 1,
          "attributes": {
            "arn": "arn:aws:ec2:ap-northeast-2:061039804626:subnet/subnet-04aad5ac72d8d1437",
            "assign_ipv6_address_on_creation": false,
            "availability_zone": "ap-northeast-2c",
            "availability_zone_id": "apne2-az3",
            "cidr_block": "100.0.3.0/24",
            "customer_owned_ipv4_pool": "",
            "enable_dns64": false,
            "enable_lni_at_device_index": 0,
            "enable_resource_name_dns_a_record_on_launch": false,
            "enable_resource_name_dns_aaaa_record_on_launch": false,
            "id": "subnet-04aad5ac72d8d1437",
            "ipv6_cidr_block": "",
            "ipv6_cidr_block_association_id": "",
            "ipv6_native": false,
            "map_customer_owned_ip_on_launch": false,
            "map_public_ip_on_launch": false,
            "outpost_arn": "",
            "owner_id": "061039804626",
            "private_dns_hostname_type_on_launch": "ip-name",
            "tags": {
              "Name": "matchfit-private-3"
            },
            "tags_all": {
              "Name": "matchfit-private-3"
            },
            "timeouts": null,
            "vpc_id": "vpc-049ba0dbbebf854af"
          },
          "sensitive_attributes": [],
          "identity_schema_version": 0,
          "private": "eyJlMmJmYjczMC1lY2FhLTExZTYtOGY4OC0zNDM2M2JjN2M0YzAiOnsiY3JlYXRlIjo2MDAwMDAwMDAwMDAsImRlbGV0ZSI6MTIwMDAwMDAwMDAwMH0sInNjaGVtYV92ZXJzaW9uIjoiMSJ9",
          "dependencies": [
            "module.network.aws_vpc.this"
          ]
        }
      ]
    },
    {
      "module": "module.network",
      "mode": "managed",
      "type": "aws_subnet",
      "name": "public",
      "provider": "provider[\"registry.terraform.io/hashicorp/aws\"]",
      "instances": [
        {
          "index_key": 0,
          "schema_version": 1,
          "attributes": {
            "arn": "arn:aws:ec2:ap-northeast-2:061039804626:subnet/subnet-01b80ea32ceca09dd",
            "assign_ipv6_address_on_creation": false,
            "availability_zone": "ap-northeast-2a",
            "availability_zone_id": "apne2-az1",
            "cidr_block": "100.0.10.0/24",
            "customer_owned_ipv4_pool": "",
            "enable_dns64": false,
            "enable_lni_at_device_index": 0,
            "enable_resource_name_dns_a_record_on_launch": false,
            "enable_resource_name_dns_aaaa_record_on_launch": false,
            "id": "subnet-01b80ea32ceca09dd",
            "ipv6_cidr_block": "",
            "ipv6_cidr_block_association_id": "",
            "ipv6_native": false,
            "map_customer_owned_ip_on_launch": false,
            "map_public_ip_on_launch": true,
            "outpost_arn": "",
            "owner_id": "061039804626",
            "private_dns_hostname_type_on_launch": "ip-name",
            "tags": {
              "Name": "matchfit-public-1"
            },
            "tags_all": {
              "Name": "matchfit-public-1"
            },
            "timeouts": null,
            "vpc_id": "vpc-049ba0dbbebf854af"
          },
          "sensitive_attributes": [],
          "identity_schema_version": 0,
          "private": "eyJlMmJmYjczMC1lY2FhLTExZTYtOGY4OC0zNDM2M2JjN2M0YzAiOnsiY3JlYXRlIjo2MDAwMDAwMDAwMDAsImRlbGV0ZSI6MTIwMDAwMDAwMDAwMH0sInNjaGVtYV92ZXJzaW9uIjoiMSJ9",
          "dependencies": [
            "module.network.aws_vpc.this"
          ]
        },
        {
          "index_key": 1,
          "schema_version": 1,
          "attributes": {
            "arn": "arn:aws:ec2:ap-northeast-2:061039804626:subnet/subnet-07ead580816205d0d",
            "assign_ipv6_address_on_creation": false,
            "availability_zone": "ap-northeast-2b",
            "availability_zone_id": "apne2-az2",
            "cidr_block": "100.0.20.0/24",
            "customer_owned_ipv4_pool": "",
            "enable_dns64": false,
            "enable_lni_at_device_index": 0,
            "enable_resource_name_dns_a_record_on_launch": false,
            "enable_resource_name_dns_aaaa_record_on_launch": false,
            "id": "subnet-07ead580816205d0d",
            "ipv6_cidr_block": "",
            "ipv6_cidr_block_association_id": "",
            "ipv6_native": false,
            "map_customer_owned_ip_on_launch": false,
            "map_public_ip_on_launch": true,
            "outpost_arn": "",
            "owner_id": "061039804626",
            "private_dns_hostname_type_on_launch": "ip-name",
            "tags": {
              "Name": "matchfit-public-2"
            },
            "tags_all": {
              "Name": "matchfit-public-2"
            },
            "timeouts": null,
            "vpc_id": "vpc-049ba0dbbebf854af"
          },
          "sensitive_attributes": [],
          "identity_schema_version": 0,
          "private": "eyJlMmJmYjczMC1lY2FhLTExZTYtOGY4OC0zNDM2M2JjN2M0YzAiOnsiY3JlYXRlIjo2MDAwMDAwMDAwMDAsImRlbGV0ZSI6MTIwMDAwMDAwMDAwMH0sInNjaGVtYV92ZXJzaW9uIjoiMSJ9",
          "dependencies": [
            "module.network.aws_vpc.this"
          ]
        },
        {
          "index_key": 2,
          "schema_version": 1,
          "attributes": {
            "arn": "arn:aws:ec2:ap-northeast-2:061039804626:subnet/subnet-0dc8b9972f8c7145d",
            "assign_ipv6_address_on_creation": false,
            "availability_zone": "ap-northeast-2c",
            "availability_zone_id": "apne2-az3",
            "cidr_block": "100.0.30.0/24",
            "customer_owned_ipv4_pool": "",
            "enable_dns64": false,
            "enable_lni_at_device_index": 0,
            "enable_resource_name_dns_a_record_on_launch": false,
            "enable_resource_name_dns_aaaa_record_on_launch": false,
            "id": "subnet-0dc8b9972f8c7145d",
            "ipv6_cidr_block": "",
            "ipv6_cidr_block_association_id": "",
            "ipv6_native": false,
            "map_customer_owned_ip_on_launch": false,
            "map_public_ip_on_launch": true,
            "outpost_arn": "",
            "owner_id": "061039804626",
            "private_dns_hostname_type_on_launch": "ip-name",
            "tags": {
              "Name": "matchfit-public-3"
            },
            "tags_all": {
              "Name": "matchfit-public-3"
            },
            "timeouts": null,
            "vpc_id": "vpc-049ba0dbbebf854af"
          },
          "sensitive_attributes": [],
          "identity_schema_version": 0,
          "private": "eyJlMmJmYjczMC1lY2FhLTExZTYtOGY4OC0zNDM2M2JjN2M0YzAiOnsiY3JlYXRlIjo2MDAwMDAwMDAwMDAsImRlbGV0ZSI6MTIwMDAwMDAwMDAwMH0sInNjaGVtYV92ZXJzaW9uIjoiMSJ9",
          "dependencies": [
            "module.network.aws_vpc.this"
          ]
        }
      ]
    },
    {
      "module": "module.network",
      "mode": "managed",
      "type": "aws_vpc",
      "name": "this",
      "provider": "provider[\"registry.terraform.io/hashicorp/aws\"]",
      "instances": [
        {
          "schema_version": 1,
          "attributes": {
            "arn": "arn:aws:ec2:ap-northeast-2:061039804626:vpc/vpc-049ba0dbbebf854af",
            "assign_generated_ipv6_cidr_block": false,
            "cidr_block": "100.0.0.0/16",
            "default_network_acl_id": "acl-06c1ecfda4bbef5fa",
            "default_route_table_id": "rtb-03f9e791ec0cf21cb",
            "default_security_group_id": "sg-072836893e6fa00e1",
            "dhcp_options_id": "dopt-0ba27a0d0e074d9f5",
            "enable_dns_hostnames": true,
            "enable_dns_support": true,
            "enable_network_address_usage_metrics": false,
            "id": "vpc-049ba0dbbebf854af",
            "instance_tenancy": "default",
            "ipv4_ipam_pool_id": null,
            "ipv4_netmask_length": null,
            "ipv6_association_id": "",
            "ipv6_cidr_block": "",
            "ipv6_cidr_block_network_border_group": "",
            "ipv6_ipam_pool_id": "",
            "ipv6_netmask_length": 0,
            "main_route_table_id": "rtb-03f9e791ec0cf21cb",
            "owner_id": "061039804626",
            "tags": {
              "Name": "matchfit-vpc"
            },
            "tags_all": {
              "Name": "matchfit-vpc"
            }
          },
          "sensitive_attributes": [],
          "identity_schema_version": 0,
          "private": "eyJzY2hlbWFfdmVyc2lvbiI6IjEifQ=="
        }
      ]
    },
    {
      "module": "module.s3_bucket",
      "mode": "managed",
      "type": "aws_s3_bucket",
      "name": "this",
      "provider": "provider[\"registry.terraform.io/hashicorp/aws\"]",
      "instances": [
        {
          "index_key": 0,
          "schema_version": 0,
          "attributes": {
            "acceleration_status": "",
            "acl": null,
            "arn": "arn:aws:s3:::matchfit-bucket",
            "bucket": "matchfit-bucket",
            "bucket_domain_name": "matchfit-bucket.s3.amazonaws.com",
            "bucket_prefix": "",
            "bucket_regional_domain_name": "matchfit-bucket.s3.ap-northeast-2.amazonaws.com",
            "cors_rule": [],
            "force_destroy": false,
            "grant": [
              {
                "id": "105e03ca3de8d95d68f38aa3201ffb78ddff6de814dbc751558671f22b4b6d09",
                "permissions": [
                  "FULL_CONTROL"
                ],
                "type": "CanonicalUser",
                "uri": ""
              }
            ],
            "hosted_zone_id": "Z3W03O7B5YMIYP",
            "id": "matchfit-bucket",
            "lifecycle_rule": [],
            "logging": [],
            "object_lock_configuration": [],
            "object_lock_enabled": false,
            "policy": "",
            "region": "ap-northeast-2",
            "replication_configuration": [],
            "request_payer": "BucketOwner",
            "server_side_encryption_configuration": [
              {
                "rule": [
                  {
                    "apply_server_side_encryption_by_default": [
                      {
                        "kms_master_key_id": "",
                        "sse_algorithm": "AES256"
                      }
                    ],
                    "bucket_key_enabled": false
                  }
                ]
              }
            ],
            "tags": {
              "Environment": "dev",
              "Project": "team3"
            },
            "tags_all": {
              "Environment": "dev",
              "Project": "team3"
            },
            "timeouts": null,
            "versioning": [
              {
                "enabled": false,
                "mfa_delete": false
              }
            ],
            "website": [],
            "website_domain": null,
            "website_endpoint": null
          },
          "sensitive_attributes": [],
          "identity_schema_version": 0,
          "private": "eyJlMmJmYjczMC1lY2FhLTExZTYtOGY4OC0zNDM2M2JjN2M0YzAiOnsiY3JlYXRlIjoxMjAwMDAwMDAwMDAwLCJkZWxldGUiOjM2MDAwMDAwMDAwMDAsInJlYWQiOjEyMDAwMDAwMDAwMDAsInVwZGF0ZSI6MTIwMDAwMDAwMDAwMH19"
        }
      ]
    },
    {
      "module": "module.s3_bucket",
      "mode": "managed",
      "type": "aws_s3_bucket_public_access_block",
      "name": "this",
      "provider": "provider[\"registry.terraform.io/hashicorp/aws\"]",
      "instances": [
        {
          "schema_version": 0,
          "attributes": {
            "block_public_acls": true,
            "block_public_policy": true,
            "bucket": "matchfit-bucket",
            "id": "matchfit-bucket",
            "ignore_public_acls": true,
            "restrict_public_buckets": true
          },
          "sensitive_attributes": [],
          "identity_schema_version": 0,
          "private": "bnVsbA==",
          "dependencies": [
            "module.s3_bucket.aws_s3_bucket.this"
          ]
        }
      ]
    },
    {
      "module": "module.s3_bucket",
      "mode": "managed",
      "type": "aws_s3_bucket_versioning",
      "name": "this",
      "provider": "provider[\"registry.terraform.io/hashicorp/aws\"]",
      "instances": [
        {
          "schema_version": 0,
          "attributes": {
            "bucket": "matchfit-bucket",
            "expected_bucket_owner": "",
            "id": "matchfit-bucket",
            "mfa": null,
            "versioning_configuration": [
              {
                "mfa_delete": "",
                "status": "Disabled"
              }
            ]
          },
          "sensitive_attributes": [],
          "identity_schema_version": 0,
          "private": "bnVsbA==",
          "dependencies": [
            "module.s3_bucket.aws_s3_bucket.this"
          ]
        }
      ]
    },
    {
      "module": "module.vpn",
      "mode": "managed",
      "type": "aws_ec2_client_vpn_authorization_rule",
      "name": "allow_all",
      "provider": "provider[\"registry.terraform.io/hashicorp/aws\"]",
      "instances": [
        {
          "schema_version": 0,
          "attributes": {
            "access_group_id": "",
            "authorize_all_groups": true,
            "client_vpn_endpoint_id": "cvpn-endpoint-01d7344667153bc0d",
            "description": "",
            "id": "cvpn-endpoint-01d7344667153bc0d,100.0.0.0/16",
            "target_network_cidr": "100.0.0.0/16",
            "timeouts": null
          },
          "sensitive_attributes": [],
          "identity_schema_version": 0,
          "private": "eyJlMmJmYjczMC1lY2FhLTExZTYtOGY4OC0zNDM2M2JjN2M0YzAiOnsiY3JlYXRlIjo2MDAwMDAwMDAwMDAsImRlbGV0ZSI6NjAwMDAwMDAwMDAwfX0=",
          "dependencies": [
            "module.network.aws_vpc.this",
            "module.vpn.aws_ec2_client_vpn_endpoint.vpn",
            "module.vpn.aws_security_group.vpn_sg"
          ]
        }
      ]
    },
    {
      "module": "module.vpn",
      "mode": "managed",
      "type": "aws_ec2_client_vpn_endpoint",
      "name": "vpn",
      "provider": "provider[\"registry.terraform.io/hashicorp/aws\"]",
      "instances": [
        {
          "schema_version": 0,
          "attributes": {
            "arn": "arn:aws:ec2:ap-northeast-2:061039804626:client-vpn-endpoint/cvpn-endpoint-01d7344667153bc0d",
            "authentication_options": [
              {
                "active_directory_id": "",
                "root_certificate_chain_arn": "arn:aws:acm:ap-northeast-2:061039804626:certificate/29ad88cc-1c1b-446d-bdb5-ee356de27ab8",
                "saml_provider_arn": "",
                "self_service_saml_provider_arn": "",
                "type": "certificate-authentication"
              }
            ],
            "client_cidr_block": "192.168.200.0/22",
            "client_connect_options": [
              {
                "enabled": false,
                "lambda_function_arn": ""
              }
            ],
            "client_login_banner_options": [
              {
                "banner_text": "",
                "enabled": false
              }
            ],
            "client_route_enforcement_options": [
              {
                "enforced": false
              }
            ],
            "connection_log_options": [
              {
                "cloudwatch_log_group": "matchfit-vpn-logs",
                "cloudwatch_log_stream": "cvpn-endpoint-01d7344667153bc0d-ap-northeast-2-2025/07/28-sdH9ZULK07g8",
                "enabled": true
              }
            ],
            "description": "matchfit-vpn",
            "disconnect_on_session_timeout": true,
            "dns_name": "*.cvpn-endpoint-01d7344667153bc0d.prod.clientvpn.ap-northeast-2.amazonaws.com",
            "dns_servers": [
              "8.8.8.8"
            ],
            "id": "cvpn-endpoint-01d7344667153bc0d",
            "security_group_ids": [
              "sg-0f025ef029d87fab6"
            ],
            "self_service_portal": "disabled",
            "self_service_portal_url": "",
            "server_certificate_arn": "arn:aws:acm:ap-northeast-2:061039804626:certificate/8b1167e0-2d9c-458e-a109-101781388822",
            "session_timeout_hours": 24,
            "split_tunnel": true,
            "tags": {
              "Name": "matchfit-vpn"
            },
            "tags_all": {
              "Name": "matchfit-vpn"
            },
            "transport_protocol": "udp",
            "vpc_id": "vpc-049ba0dbbebf854af",
            "vpn_port": 443
          },
          "sensitive_attributes": [],
          "identity_schema_version": 0,
          "private": "bnVsbA==",
          "dependencies": [
            "module.network.aws_vpc.this",
            "module.vpn.aws_security_group.vpn_sg"
          ]
        }
      ]
    },
    {
      "module": "module.vpn",
      "mode": "managed",
      "type": "aws_ec2_client_vpn_network_association",
      "name": "associations",
      "provider": "provider[\"registry.terraform.io/hashicorp/aws\"]",
      "instances": [
        {
          "index_key": "subnet-00f10b0cea348a8b1",
          "schema_version": 0,
          "attributes": {
            "association_id": "cvpn-assoc-06dfa69d76042a3f2",
            "client_vpn_endpoint_id": "cvpn-endpoint-01d7344667153bc0d",
            "id": "cvpn-assoc-06dfa69d76042a3f2",
            "subnet_id": "subnet-00f10b0cea348a8b1",
            "timeouts": null,
            "vpc_id": "vpc-049ba0dbbebf854af"
          },
          "sensitive_attributes": [],
          "identity_schema_version": 0,
          "private": "eyJlMmJmYjczMC1lY2FhLTExZTYtOGY4OC0zNDM2M2JjN2M0YzAiOnsiY3JlYXRlIjoxODAwMDAwMDAwMDAwLCJkZWxldGUiOjE4MDAwMDAwMDAwMDB9fQ==",
          "dependencies": [
            "module.network.aws_subnet.private",
            "module.network.aws_vpc.this",
            "module.vpn.aws_ec2_client_vpn_endpoint.vpn",
            "module.vpn.aws_security_group.vpn_sg"
          ]
        },
        {
          "index_key": "subnet-04aad5ac72d8d1437",
          "schema_version": 0,
          "attributes": {
            "association_id": "cvpn-assoc-05cea43de410b3a6d",
            "client_vpn_endpoint_id": "cvpn-endpoint-01d7344667153bc0d",
            "id": "cvpn-assoc-05cea43de410b3a6d",
            "subnet_id": "subnet-04aad5ac72d8d1437",
            "timeouts": null,
            "vpc_id": "vpc-049ba0dbbebf854af"
          },
          "sensitive_attributes": [],
          "identity_schema_version": 0,
          "private": "eyJlMmJmYjczMC1lY2FhLTExZTYtOGY4OC0zNDM2M2JjN2M0YzAiOnsiY3JlYXRlIjoxODAwMDAwMDAwMDAwLCJkZWxldGUiOjE4MDAwMDAwMDAwMDB9fQ==",
          "dependencies": [
            "module.network.aws_subnet.private",
            "module.network.aws_vpc.this",
            "module.vpn.aws_ec2_client_vpn_endpoint.vpn",
            "module.vpn.aws_security_group.vpn_sg"
          ]
        },
        {
          "index_key": "subnet-09a406758275bfbeb",
          "schema_version": 0,
          "attributes": {
            "association_id": "cvpn-assoc-07a6c0a065a756d69",
            "client_vpn_endpoint_id": "cvpn-endpoint-01d7344667153bc0d",
            "id": "cvpn-assoc-07a6c0a065a756d69",
            "subnet_id": "subnet-09a406758275bfbeb",
            "timeouts": null,
            "vpc_id": "vpc-049ba0dbbebf854af"
          },
          "sensitive_attributes": [],
          "identity_schema_version": 0,
          "private": "eyJlMmJmYjczMC1lY2FhLTExZTYtOGY4OC0zNDM2M2JjN2M0YzAiOnsiY3JlYXRlIjoxODAwMDAwMDAwMDAwLCJkZWxldGUiOjE4MDAwMDAwMDAwMDB9fQ==",
          "dependencies": [
            "module.network.aws_subnet.private",
            "module.network.aws_vpc.this",
            "module.vpn.aws_ec2_client_vpn_endpoint.vpn",
            "module.vpn.aws_security_group.vpn_sg"
          ]
        }
      ]
    },
    {
      "module": "module.vpn",
      "mode": "managed",
      "type": "aws_iam_policy",
      "name": "vpn_logging_policy",
      "provider": "provider[\"registry.terraform.io/hashicorp/aws\"]",
      "instances": [
        {
          "schema_version": 0,
          "attributes": {
            "arn": "arn:aws:iam::061039804626:policy/matchfit-vpn-logging-policy",
            "attachment_count": 1,
            "description": "",
            "id": "arn:aws:iam::061039804626:policy/matchfit-vpn-logging-policy",
            "name": "matchfit-vpn-logging-policy",
            "name_prefix": "",
            "path": "/",
            "policy": "{\"Statement\":[{\"Action\":[\"logs:CreateLogGroup\",\"logs:CreateLogStream\",\"logs:PutLogEvents\"],\"Effect\":\"Allow\",\"Resource\":\"*\"}],\"Version\":\"2012-10-17\"}",
            "policy_id": "ANPAQ4NSBQDJHYYAPEB3B",
            "tags": {},
            "tags_all": {}
          },
          "sensitive_attributes": [],
          "identity_schema_version": 0,
          "private": "bnVsbA=="
        }
      ]
    },
    {
      "module": "module.vpn",
      "mode": "managed",
      "type": "aws_iam_role",
      "name": "vpn_logging_role",
      "provider": "provider[\"registry.terraform.io/hashicorp/aws\"]",
      "instances": [
        {
          "schema_version": 0,
          "attributes": {
            "arn": "arn:aws:iam::061039804626:role/matchfit-vpn-logging-role",
            "assume_role_policy": "{\"Statement\":[{\"Action\":\"sts:AssumeRole\",\"Effect\":\"Allow\",\"Principal\":{\"Service\":\"clientvpn.amazonaws.com\"}}],\"Version\":\"2012-10-17\"}",
            "create_date": "2025-07-28T04:16:45Z",
            "description": "",
            "force_detach_policies": false,
            "id": "matchfit-vpn-logging-role",
            "inline_policy": [],
            "managed_policy_arns": [
              "arn:aws:iam::061039804626:policy/matchfit-vpn-logging-policy"
            ],
            "max_session_duration": 3600,
            "name": "matchfit-vpn-logging-role",
            "name_prefix": "",
            "path": "/",
            "permissions_boundary": "",
            "tags": {},
            "tags_all": {},
            "unique_id": "AROAQ4NSBQDJNHR6VPOB2"
          },
          "sensitive_attributes": [],
          "identity_schema_version": 0,
          "private": "bnVsbA=="
        }
      ]
    },
    {
      "module": "module.vpn",
      "mode": "managed",
      "type": "aws_iam_role_policy_attachment",
      "name": "vpn_logging_attach",
      "provider": "provider[\"registry.terraform.io/hashicorp/aws\"]",
      "instances": [
        {
          "schema_version": 0,
          "attributes": {
            "id": "matchfit-vpn-logging-role-20250728041646335800000002",
            "policy_arn": "arn:aws:iam::061039804626:policy/matchfit-vpn-logging-policy",
            "role": "matchfit-vpn-logging-role"
          },
          "sensitive_attributes": [],
          "identity_schema_version": 0,
          "private": "bnVsbA==",
          "dependencies": [
            "module.vpn.aws_iam_policy.vpn_logging_policy",
            "module.vpn.aws_iam_role.vpn_logging_role"
          ]
        }
      ]
    },
    {
      "module": "module.vpn",
      "mode": "managed",
      "type": "aws_security_group",
      "name": "vpn_sg",
      "provider": "provider[\"registry.terraform.io/hashicorp/aws\"]",
      "instances": [
        {
          "index_key": 0,
          "schema_version": 1,
          "attributes": {
            "arn": "arn:aws:ec2:ap-northeast-2:061039804626:security-group/sg-0f025ef029d87fab6",
            "description": "Managed by Terraform",
            "egress": [
              {
                "cidr_blocks": [
                  "0.0.0.0/0"
                ],
                "description": "",
                "from_port": 0,
                "ipv6_cidr_blocks": [],
                "prefix_list_ids": [],
                "protocol": "-1",
                "security_groups": [],
                "self": false,
                "to_port": 0
              }
            ],
            "id": "sg-0f025ef029d87fab6",
            "ingress": [
              {
                "cidr_blocks": [
                  "0.0.0.0/0"
                ],
                "description": "",
                "from_port": 443,
                "ipv6_cidr_blocks": [],
                "prefix_list_ids": [],
                "protocol": "udp",
                "security_groups": [],
                "self": false,
                "to_port": 443
              },
              {
                "cidr_blocks": [
                  "192.168.200.0/22"
                ],
                "description": "",
                "from_port": 22,
                "ipv6_cidr_blocks": [],
                "prefix_list_ids": [],
                "protocol": "tcp",
                "security_groups": [],
                "self": false,
                "to_port": 22
              }
            ],
            "name": "matchfit-vpn-sg",
            "name_prefix": "",
            "owner_id": "061039804626",
            "revoke_rules_on_delete": false,
            "tags": {},
            "tags_all": {},
            "timeouts": null,
            "vpc_id": "vpc-049ba0dbbebf854af"
          },
          "sensitive_attributes": [],
          "identity_schema_version": 0,
          "private": "eyJlMmJmYjczMC1lY2FhLTExZTYtOGY4OC0zNDM2M2JjN2M0YzAiOnsiY3JlYXRlIjo2MDAwMDAwMDAwMDAsImRlbGV0ZSI6OTAwMDAwMDAwMDAwfSwic2NoZW1hX3ZlcnNpb24iOiIxIn0=",
          "dependencies": [
            "module.network.aws_vpc.this"
          ]
        }
      ]
    }
  ],
  "check_results": null
}
